
Microsoft Visual Studio Solution File, Format Version 12.00
# Visual Studio Version 17
VisualStudioVersion = 17.13.35913.81
MinimumVisualStudioVersion = 10.0.40219.1
Project("{FAE04EC0-301F-11D3-BF4B-00C04F79EFBC}") = "Show10", "show10\Show10.csproj", "{8495210B-97AE-4971-B8ED-35CCFFC7A76B}"
EndProject
Global
	GlobalSection(SolutionConfigurationPlatforms) = preSolution
		Debug|Any CPU = Debug|Any CPU
		Release|Any CPU = Release|Any CPU
	EndGlobalSection
	GlobalSection(ProjectConfigurationPlatforms) = postSolution
		{8495210B-97AE-4971-B8ED-35CCFFC7A76B}.Debug|Any CPU.ActiveCfg = Debug|Any CPU
		{8495210B-97AE-4971-B8ED-35CCFFC7A76B}.Debug|Any CPU.Build.0 = Debug|Any CPU
		{8495210B-97AE-4971-B8ED-35CCFFC7A76B}.Release|Any CPU.ActiveCfg = Release|Any CPU
		{8495210B-97AE-4971-B8ED-35CCFFC7A76B}.Release|Any CPU.Build.0 = Release|Any CPU
	EndGlobalSection
	GlobalSection(SolutionProperties) = preSolution
		HideSolutionNode = FALSE
	EndGlobalSection
	GlobalSection(ExtensibilityGlobals) = postSolution
		SolutionGuid = {F5652F22-81CC-4390-A18F-A5833623B7DC}
	EndGlobalSection
EndGlobal
